
Microsoft Visual Studio Solution File, Format Version 12.00
# Visual Studio 15
VisualStudioVersion = 15.0.28307.1525
MinimumVisualStudioVersion = 10.0.40219.1
Project("{FAE04EC0-301F-11D3-BF4B-00C04F79EFBC}") = "ElementalTomes", "ElementalTomes\ElementalTomes.csproj", "{7D453180-F48D-43AA-9686-A34506B1B736}"
EndProject
Global
	GlobalSection(SolutionConfigurationPlatforms) = preSolution
		Debug|Any CPU = Debug|Any CPU
		Release|Any CPU = Release|Any CPU
	EndGlobalSection
	GlobalSection(ProjectConfigurationPlatforms) = postSolution
		{7D453180-F48D-43AA-9686-A34506B1B736}.Debug|Any CPU.ActiveCfg = Debug|Any CPU
		{7D453180-F48D-43AA-9686-A34506B1B736}.Debug|Any CPU.Build.0 = Debug|Any CPU
		{7D453180-F48D-43AA-9686-A34506B1B736}.Release|Any CPU.ActiveCfg = Release|Any CPU
		{7D453180-F48D-43AA-9686-A34506B1B736}.Release|Any CPU.Build.0 = Release|Any CPU
	EndGlobalSection
	GlobalSection(SolutionProperties) = preSolution
		HideSolutionNode = FALSE
	EndGlobalSection
	GlobalSection(ExtensibilityGlobals) = postSolution
		SolutionGuid = {BBD8DB50-8E27-4DA2-8BB8-63A4A908F457}
	EndGlobalSection
EndGlobal
